
Microsoft Visual Studio Solution File, Format Version 12.00
# Visual Studio Version 16
VisualStudioVersion = 16.0.33328.57
MinimumVisualStudioVersion = 10.0.40219.1
Project("{9A19103F-16F7-4668-BE54-9A1E7A4F7556}") = "SPMS", "SPMS\SPMS.csproj", "{DB037B4A-9423-4F24-96B8-77C5A091AC6A}"
EndProject
Project("{9A19103F-16F7-4668-BE54-9A1E7A4F7556}") = "Domain", "Domain\Domain.csproj", "{B493D559-CB7C-4B7A-8BBD-FAF71D853B5F}"
EndProject
Project("{9A19103F-16F7-4668-BE54-9A1E7A4F7556}") = "Infrastructure", "Infrastructure\Infrastructure.csproj", "{2949A990-50C8-40D3-BDA3-8D378916CA5A}"
EndProject
Project("{9A19103F-16F7-4668-BE54-9A1E7A4F7556}") = "Service", "Service\Service.csproj", "{1B40A49B-465B-47D2-BC4D-610149277EB3}"
EndProject
Global
	GlobalSection(SolutionConfigurationPlatforms) = preSolution
		Debug|Any CPU = Debug|Any CPU
		Release|Any CPU = Release|Any CPU
	EndGlobalSection
	GlobalSection(ProjectConfigurationPlatforms) = postSolution
		{DB037B4A-9423-4F24-96B8-77C5A091AC6A}.Debug|Any CPU.ActiveCfg = Debug|Any CPU
		{DB037B4A-9423-4F24-96B8-77C5A091AC6A}.Debug|Any CPU.Build.0 = Debug|Any CPU
		{DB037B4A-9423-4F24-96B8-77C5A091AC6A}.Release|Any CPU.ActiveCfg = Release|Any CPU
		{DB037B4A-9423-4F24-96B8-77C5A091AC6A}.Release|Any CPU.Build.0 = Release|Any CPU
		{B493D559-CB7C-4B7A-8BBD-FAF71D853B5F}.Debug|Any CPU.ActiveCfg = Debug|Any CPU
		{B493D559-CB7C-4B7A-8BBD-FAF71D853B5F}.Debug|Any CPU.Build.0 = Debug|Any CPU
		{B493D559-CB7C-4B7A-8BBD-FAF71D853B5F}.Release|Any CPU.ActiveCfg = Release|Any CPU
		{B493D559-CB7C-4B7A-8BBD-FAF71D853B5F}.Release|Any CPU.Build.0 = Release|Any CPU
		{2949A990-50C8-40D3-BDA3-8D378916CA5A}.Debug|Any CPU.ActiveCfg = Debug|Any CPU
		{2949A990-50C8-40D3-BDA3-8D378916CA5A}.Debug|Any CPU.Build.0 = Debug|Any CPU
		{2949A990-50C8-40D3-BDA3-8D378916CA5A}.Release|Any CPU.ActiveCfg = Release|Any CPU
		{2949A990-50C8-40D3-BDA3-8D378916CA5A}.Release|Any CPU.Build.0 = Release|Any CPU
		{1B40A49B-465B-47D2-BC4D-610149277EB3}.Debug|Any CPU.ActiveCfg = Debug|Any CPU
		{1B40A49B-465B-47D2-BC4D-610149277EB3}.Debug|Any CPU.Build.0 = Debug|Any CPU
		{1B40A49B-465B-47D2-BC4D-610149277EB3}.Release|Any CPU.ActiveCfg = Release|Any CPU
		{1B40A49B-465B-47D2-BC4D-610149277EB3}.Release|Any CPU.Build.0 = Release|Any CPU
	EndGlobalSection
	GlobalSection(SolutionProperties) = preSolution
		HideSolutionNode = FALSE
	EndGlobalSection
	GlobalSection(ExtensibilityGlobals) = postSolution
		SolutionGuid = {B2E2817E-B7D6-479A-8568-3B7F01A85BBD}
	EndGlobalSection
EndGlobal
